
Microsoft Visual Studio Solution File, Format Version 12.00
# Visual Studio Version 17
VisualStudioVersion = 17.3.32804.467
MinimumVisualStudioVersion = 10.0.40219.1
Project("{FAE04EC0-301F-11D3-BF4B-00C04F79EFBC}") = "PenSample", "PenSample\PenSample.csproj", "{5606AA3C-ED0B-40A6-9079-FDA1CC1CDFFA}"
EndProject
Global
	GlobalSection(SolutionConfigurationPlatforms) = preSolution
		Debug|Any CPU = Debug|Any CPU
		Release|Any CPU = Release|Any CPU
	EndGlobalSection
	GlobalSection(ProjectConfigurationPlatforms) = postSolution
		{5606AA3C-ED0B-40A6-9079-FDA1CC1CDFFA}.Debug|Any CPU.ActiveCfg = Debug|Any CPU
		{5606AA3C-ED0B-40A6-9079-FDA1CC1CDFFA}.Debug|Any CPU.Build.0 = Debug|Any CPU
		{5606AA3C-ED0B-40A6-9079-FDA1CC1CDFFA}.Release|Any CPU.ActiveCfg = Release|Any CPU
		{5606AA3C-ED0B-40A6-9079-FDA1CC1CDFFA}.Release|Any CPU.Build.0 = Release|Any CPU
	EndGlobalSection
	GlobalSection(SolutionProperties) = preSolution
		HideSolutionNode = FALSE
	EndGlobalSection
	GlobalSection(ExtensibilityGlobals) = postSolution
		SolutionGuid = {A1CF5FE2-C546-4ACF-9C75-D47F5B111F28}
	EndGlobalSection
EndGlobal
